// !$*UTF8*$!
{
	archiveVersion = 1;
	classes = {
	};
	objectVersion = 46;
	objects = {

/* Begin PBXBuildFile section */
		1BFB276B1C9CBD59007DC0A8 /* main.m in Sources */ = {isa = PBXBuildFile; fileRef = 1BFB276A1C9CBD59007DC0A8 /* main.m */; };
		1BFB276E1C9CBD59007DC0A8 /* AppDelegate.m in Sources */ = {isa = PBXBuildFile; fileRef = 1BFB276D1C9CBD59007DC0A8 /* AppDelegate.m */; };
		1BFB27711C9CBD59007DC0A8 /* ViewController.m in Sources */ = {isa = PBXBuildFile; fileRef = 1BFB27701C9CBD59007DC0A8 /* ViewController.m */; };
		1BFB27741C9CBD59007DC0A8 /* Main.storyboard in Resources */ = {isa = PBXBuildFile; fileRef = 1BFB27721C9CBD59007DC0A8 /* Main.storyboard */; };
		1BFB27761C9CBD59007DC0A8 /* Assets.xcassets in Resources */ = {isa = PBXBuildFile; fileRef = 1BFB27751C9CBD59007DC0A8 /* Assets.xcassets */; };
		1BFB27791C9CBD59007DC0A8 /* LaunchScreen.storyboard in Resources */ = {isa = PBXBuildFile; fileRef = 1BFB27771C9CBD59007DC0A8 /* LaunchScreen.storyboard */; };
/* End PBXBuildFile section */

/* Begin PBXFileReference section */
		1BFB27661C9CBD59007DC0A8 /* FingerPaint.app */ = {isa = PBXFileReference; explicitFileType = wrapper.application; includeInIndex = 0; path = FingerPaint.app; sourceTree = BUILT_PRODUCTS_DIR; };
		1BFB276A1C9CBD59007DC0A8 /* main.m */ = {isa = PBXFileReference; lastKnownFileType = sourcecode.c.objc; path = main.m; sourceTree = "<group>"; };
		1BFB276C1C9CBD59007DC0A8 /* AppDelegate.h */ = {isa = PBXFileReference; lastKnownFileType = sourcecode.c.h; path = AppDelegate.h; sourceTree = "<group>"; };
		1BFB276D1C9CBD59007DC0A8 /* AppDelegate.m */ = {isa = PBXFileReference; lastKnownFileType = sourcecode.c.objc; path = AppDelegate.m; sourceTree = "<group>"; };
		1BFB276F1C9CBD59007DC0A8 /* ViewController.h */ = {isa = PBXFileReference; lastKnownFileType = sourcecode.c.h; path = ViewController.h; sourceTree = "<group>"; };
		1BFB27701C9CBD59007DC0A8 /* ViewController.m */ = {isa = PBXFileReference; lastKnownFileType = sourcecode.c.objc; path = ViewController.m; sourceTree = "<group>"; };
		1BFB27731C9CBD59007DC0A8 /* Base */ = {isa = PBXFileReference; lastKnownFileType = file.storyboard; name = Base; path = Base.lproj/Main.storyboard; sourceTree = "<group>"; };
		1BFB27751C9CBD59007DC0A8 /* Assets.xcassets */ = {isa = PBXFileReference; lastKnownFileType = folder.assetcatalog; path = Assets.xcassets; sourceTree = "<group>"; };
		1BFB27781C9CBD59007DC0A8 /* Base */ = {isa = PBXFileReference; lastKnownFileType = file.storyboard; name = Base; path = Base.lproj/LaunchScreen.storyboard; sourceTree = "<group>"; };
		1BFB277A1C9CBD59007DC0A8 /* Info.plist */ = {isa = PBXFileReference; lastKnownFileType = text.plist.xml; path = Info.plist; sourceTree = "<group>"; };
/* End PBXFileReference section */

/* Begin PBXFrameworksBuildPhase section */
		1BFB27631C9CBD59007DC0A8 /* Frameworks */ = {
			isa = PBXFrameworksBuildPhase;
			buildActionMask = 2147483647;
			files = (
			);
			runOnlyForDeploymentPostprocessing = 0;
		};
/* End PBXFrameworksBuildPhase section */

/* Begin PBXGroup section */
		1BFB275D1C9CBD59007DC0A8 = {
			isa = PBXGroup;
			children = (
				1BFB27681C9CBD59007DC0A8 /* FingerPaint */,
				1BFB27671C9CBD59007DC0A8 /* Products */,
			);
			sourceTree = "<group>";
		};
		1BFB27671C9CBD59007DC0A8 /* Products */ = {
			isa = PBXGroup;
			children = (
				1BFB27661C9CBD59007DC0A8 /* FingerPaint.app */,
			);
			name = Products;
			sourceTree = "<group>";
		};
		1BFB27681C9CBD59007DC0A8 /* FingerPaint */ = {
			isa = PBXGroup;
			children = (
				1BFB276C1C9CBD59007DC0A8 /* AppDelegate.h */,
				1BFB276D1C9CBD59007DC0A8 /* AppDelegate.m */,
				1BFB276F1C9CBD59007DC0A8 /* ViewController.h */,
				1BFB27701C9CBD59007DC0A8 /* ViewController.m */,
				1BFB27721C9CBD59007DC0A8 /* Main.storyboard */,
				1BFB27751C9CBD59007DC0A8 /* Assets.xcassets */,
				1BFB27771C9CBD59007DC0A8 /* LaunchScreen.storyboard */,
				1BFB277A1C9CBD59007DC0A8 /* Info.plist */,
				1BFB27691C9CBD59007DC0A8 /* Supporting Files */,
			);
			path = FingerPaint;
			sourceTree = "<group>";
		};
		1BFB27691C9CBD59007DC0A8 /* Supporting Files */ = {
			isa = PBXGroup;
			children = (
				1BFB276A1C9CBD59007DC0A8 /* main.m */,
			);
			name = "Supporting Files";
			sourceTree = "<group>";
		};
/* End PBXGroup section */

/* Begin PBXNativeTarget section */
		1BFB27651C9CBD59007DC0A8 /* FingerPaint */ = {
			isa = PBXNativeTarget;
			buildConfigurationList = 1BFB277D1C9CBD59007DC0A8 /* Build configuration list for PBXNativeTarget "FingerPaint" */;
			buildPhases = (
				1BFB27621C9CBD59007DC0A8 /* Sources */,
				1BFB27631C9CBD59007DC0A8 /* Frameworks */,
				1BFB27641C9CBD59007DC0A8 /* Resources */,
			);
			buildRules = (
			);
			dependencies = (
			);
			name = FingerPaint;
			productName = FingerPaint;
			productReference = 1BFB27661C9CBD59007DC0A8 /* FingerPaint.app */;
			productType = "com.apple.product-type.application";
		};
/* End PBXNativeTarget section */

/* Begin PBXProject section */
		1BFB275E1C9CBD59007DC0A8 /* Project object */ = {
			isa = PBXProject;
			attributes = {
				LastUpgradeCheck = 0720;
				ORGANIZATIONNAME = "Nelson Chow";
				TargetAttributes = {
					1BFB27651C9CBD59007DC0A8 = {
						CreatedOnToolsVersion = 7.2;
						DevelopmentTeam = 9WJCEPJG8Q;
					};
				};
			};
			buildConfigurationList = 1BFB27611C9CBD59007DC0A8 /* Build configuration list for PBXProject "FingerPaint" */;
			compatibilityVersion = "Xcode 3.2";
			developmentRegion = English;
			hasScannedForEncodings = 0;
			knownRegions = (
				en,
				Base,
			);
			mainGroup = 1BFB275D1C9CBD59007DC0A8;
			productRefGroup = 1BFB27671C9CBD59007DC0A8 /* Products */;
			projectDirPath = "";
			projectRoot = "";
			targets = (
				1BFB27651C9CBD59007DC0A8 /* FingerPaint */,
			);
		};
/* End PBXProject section */

/* Begin PBXResourcesBuildPhase section */
		1BFB27641C9CBD59007DC0A8 /* Resources */ = {
			isa = PBXResourcesBuildPhase;
			buildActionMask = 2147483647;
			files = (
				1BFB27791C9CBD59007DC0A8 /* LaunchScreen.storyboard in Resources */,
				1BFB27761C9CBD59007DC0A8 /* Assets.xcassets in Resources */,
				1BFB27741C9CBD59007DC0A8 /* Main.storyboard in Resources */,
			);
			runOnlyForDeploymentPostprocessing = 0;
		};
/* End PBXResourcesBuildPhase section */

/* Begin PBXSourcesBuildPhase section */
		1BFB27621C9CBD59007DC0A8 /* Sources */ = {
			isa = PBXSourcesBuildPhase;
			buildActionMask = 2147483647;
			files = (
				1BFB27711C9CBD59007DC0A8 /* ViewController.m in Sources */,
				1BFB276E1C9CBD59007DC0A8 /* AppDelegate.m in Sources */,
				1BFB276B1C9CBD59007DC0A8 /* main.m in Sources */,
			);
			runOnlyForDeploymentPostprocessing = 0;
		};
/* End PBXSourcesBuildPhase section */

/* Begin PBXVariantGroup section */
		1BFB27721C9CBD59007DC0A8 /* Main.storyboard */ = {
			isa = PBXVariantGroup;
			children = (
				1BFB27731C9CBD59007DC0A8 /* Base */,
			);
			name = Main.storyboard;
			sourceTree = "<group>";
		};
		1BFB27771C9CBD59007DC0A8 /* LaunchScreen.storyboard */ = {
			isa = PBXVariantGroup;
			children = (
				1BFB27781C9CBD59007DC0A8 /* Base */,
			);
			name = LaunchScreen.storyboard;
			sourceTree = "<group>";
		};
/* End PBXVariantGroup section */

/* Begin XCBuildConfiguration section */
		1BFB277B1C9CBD59007DC0A8 /* Debug */ = {
			isa = XCBuildConfiguration;
			buildSettings = {
				ALWAYS_SEARCH_USER_PATHS = NO;
				CLANG_CXX_LANGUAGE_STANDARD = "gnu++0x";
				CLANG_CXX_LIBRARY = "libc++";
				CLANG_ENABLE_MODULES = YES;
				CLANG_ENABLE_OBJC_ARC = YES;
				CLANG_WARN_BOOL_CONVERSION = YES;
				CLANG_WARN_CONSTANT_CONVERSION = YES;
				CLANG_WARN_DIRECT_OBJC_ISA_USAGE = YES_ERROR;
				CLANG_WARN_EMPTY_BODY = YES;
				CLANG_WARN_ENUM_CONVERSION = YES;
				CLANG_WARN_INT_CONVERSION = YES;
				CLANG_WARN_OBJC_ROOT_CLASS = YES_ERROR;
				CLANG_WARN_UNREACHABLE_CODE = YES;
				CLANG_WARN__DUPLICATE_METHOD_MATCH = YES;
				"CODE_SIGN_IDENTITY[sdk=iphoneos*]" = "iPhone Developer";
				COPY_PHASE_STRIP = NO;
				DEBUG_INFORMATION_FORMAT = dwarf;
				ENABLE_STRICT_OBJC_MSGSEND = YES;
				ENABLE_TESTABILITY = YES;
				GCC_C_LANGUAGE_STANDARD = gnu99;
				GCC_DYNAMIC_NO_PIC = NO;
				GCC_NO_COMMON_BLOCKS = YES;
				GCC_OPTIMIZATION_LEVEL = 0;
				GCC_PREPROCESSOR_DEFINITIONS = (
					"DEBUG=1",
					"$(inherited)",
				);
				GCC_WARN_64_TO_32_BIT_CONVERSION = YES;
				GCC_WARN_ABOUT_RETURN_TYPE = YES_ERROR;
				GCC_WARN_UNDECLARED_SELECTOR = YES;
				GCC_WARN_UNINITIALIZED_AUTOS = YES_AGGRESSIVE;
				GCC_WARN_UNUSED_FUNCTION = YES;
				GCC_WARN_UNUSED_VARIABLE = YES;
				IPHONEOS_DEPLOYMENT_TARGET = 9.2;
				MTL_ENABLE_DEBUG_INFO = YES;
				ONLY_ACTIVE_ARCH = YES;
				SDKROOT = iphoneos;
			};
			name = Debug;
		};
		1BFB277C1C9CBD59007DC0A8 /* Release */ = {
			isa = XCBuildConfiguration;
			buildSettings = {
				ALWAYS_SEARCH_USER_PATHS = NO;
				CLANG_CXX_LANGUAGE_STANDARD = "gnu++0x";
				CLANG_CXX_LIBRARY = "libc++";
				CLANG_ENABLE_MODULES = YES;
				CLANG_ENABLE_OBJC_ARC = YES;
				CLANG_WARN_BOOL_CONVERSION = YES;
				CLANG_WARN_CONSTANT_CONVERSION = YES;
				CLANG_WARN_DIRECT_OBJC_ISA_USAGE = YES_ERROR;
				CLANG_WARN_EMPTY_BODY = YES;
				CLANG_WARN_ENUM_CONVERSION = YES;
				CLANG_WARN_INT_CONVERSION = YES;
				CLANG_WARN_OBJC_ROOT_CLASS = YES_ERROR;
				CLANG_WARN_UNREACHABLE_CODE = YES;
				CLANG_WARN__DUPLICATE_METHOD_MATCH = YES;
				"CODE_SIGN_IDENTITY[sdk=iphoneos*]" = "iPhone Developer";
				COPY_PHASE_STRIP = NO;
				DEBUG_INFORMATION_FORMAT = "dwarf-with-dsym";
				ENABLE_NS_ASSERTIONS = NO;
				ENABLE_STRICT_OBJC_MSGSEND = YES;
				GCC_C_LANGUAGE_STANDARD = gnu99;
				GCC_NO_COMMON_BLOCKS = YES;
				GCC_WARN_64_TO_32_BIT_CONVERSION = YES;
				GCC_WARN_ABOUT_RETURN_TYPE = YES_ERROR;
				GCC_WARN_UNDECLARED_SELECTOR = YES;
				GCC_WARN_UNINITIALIZED_AUTOS = YES_AGGRESSIVE;
				GCC_WARN_UNUSED_FUNCTION = YES;
				GCC_WARN_UNUSED_VARIABLE = YES;
				IPHONEOS_DEPLOYMENT_TARGET = 9.2;
				MTL_ENABLE_DEBUG_INFO = NO;
				SDKROOT = iphoneos;
				VALIDATE_PRODUCT = YES;
			};
			name = Release;
		};
		1BFB277E1C9CBD59007DC0A8 /* Debug */ = {
			isa = XCBuildConfiguration;
			buildSettings = {
				ASSETCATALOG_COMPILER_APPICON_NAME = AppIcon;
				INFOPLIST_FILE = FingerPaint/Info.plist;
				LD_RUNPATH_SEARCH_PATHS = "$(inherited) @executable_path/Frameworks";
				PRODUCT_BUNDLE_IDENTIFIER = nc.FingerPaint;
				PRODUCT_NAME = "$(TARGET_NAME)";
			};
			name = Debug;
		};
		1BFB277F1C9CBD59007DC0A8 /* Release */ = {
			isa = XCBuildConfiguration;
			buildSettings = {
				ASSETCATALOG_COMPILER_APPICON_NAME = AppIcon;
				INFOPLIST_FILE = FingerPaint/Info.plist;
				LD_RUNPATH_SEARCH_PATHS = "$(inherited) @executable_path/Frameworks";
				PRODUCT_BUNDLE_IDENTIFIER = nc.FingerPaint;
				PRODUCT_NAME = "$(TARGET_NAME)";
			};
			name = Release;
		};
/* End XCBuildConfiguration section */

/* Begin XCConfigurationList section */
		1BFB27611C9CBD59007DC0A8 /* Build configuration list for PBXProject "FingerPaint" */ = {
			isa = XCConfigurationList;
			buildConfigurations = (
				1BFB277B1C9CBD59007DC0A8 /* Debug */,
				1BFB277C1C9CBD59007DC0A8 /* Release */,
			);
			defaultConfigurationIsVisible = 0;
			defaultConfigurationName = Release;
		};
		1BFB277D1C9CBD59007DC0A8 /* Build configuration list for PBXNativeTarget "FingerPaint" */ = {
			isa = XCConfigurationList;
			buildConfigurations = (
				1BFB277E1C9CBD59007DC0A8 /* Debug */,
				1BFB277F1C9CBD59007DC0A8 /* Release */,
			);
			defaultConfigurationIsVisible = 0;
		};
/* End XCConfigurationList section */
	};
	rootObject = 1BFB275E1C9CBD59007DC0A8 /* Project object */;
}
